
Microsoft Visual Studio Solution File, Format Version 12.00
# Visual Studio 15
VisualStudioVersion = 15.0.28307.271
MinimumVisualStudioVersion = 10.0.40219.1
Project("{8BC9CEB8-8B4A-11D0-8D11-00A0C91BC942}") = "lemonxx", "lemonxx.vcxproj", "{81D71381-A7D3-458F-BB92-349B910AE380}"
EndProject
Global
	GlobalSection(SolutionConfigurationPlatforms) = preSolution
		Debug|x64 = Debug|x64
		Release|x64 = Release|x64
	EndGlobalSection
	GlobalSection(ProjectConfigurationPlatforms) = postSolution
		{81D71381-A7D3-458F-BB92-349B910AE380}.Debug|x64.ActiveCfg = Debug|x64
		{81D71381-A7D3-458F-BB92-349B910AE380}.Debug|x64.Build.0 = Debug|x64
		{81D71381-A7D3-458F-BB92-349B910AE380}.Release|x64.ActiveCfg = Release|x64
		{81D71381-A7D3-458F-BB92-349B910AE380}.Release|x64.Build.0 = Release|x64
	EndGlobalSection
	GlobalSection(SolutionProperties) = preSolution
		HideSolutionNode = FALSE
	EndGlobalSection
	GlobalSection(ExtensibilityGlobals) = postSolution
		SolutionGuid = {5FE754DE-9BC1-45FD-995D-3A663D8BD94D}
	EndGlobalSection
EndGlobal
